{
  "name": "geditor",
  "version": "1.0.0",
  "lockfileVersion": 1,
  "requires": true,
  "dependencies": {
    "mxgraph": {
      "version": "4.0.6",
      "resolved": "https://registry.npmjs.org/mxgraph/-/mxgraph-4.0.6.tgz",
      "integrity": "sha512-5XZXeAkA4k6n4BS05Fxd2cNhMw+3dnlRqAaLtsuXdT0g8BvvEa1VT4jjuGtUW4QTt38Q+I2Dr/3EWiAaGRfAXw=="
    }
  }
}
